
Microsoft Visual Studio Solution File, Format Version 12.00
# Visual Studio 15
VisualStudioVersion = 15.0.28307.271
MinimumVisualStudioVersion = 10.0.40219.1
Project("{FAE04EC0-301F-11D3-BF4B-00C04F79EFBC}") = "Pokemon Unity Server", "Pokemon Unity Server\Pokemon Unity Server.csproj", "{BC813C57-DEFE-4971-9E6B-AA7B9030853A}"
EndProject
Global
	GlobalSection(SolutionConfigurationPlatforms) = preSolution
		Debug|Any CPU = Debug|Any CPU
		Release|Any CPU = Release|Any CPU
	EndGlobalSection
	GlobalSection(ProjectConfigurationPlatforms) = postSolution
		{BC813C57-DEFE-4971-9E6B-AA7B9030853A}.Debug|Any CPU.ActiveCfg = Debug|Any CPU
		{BC813C57-DEFE-4971-9E6B-AA7B9030853A}.Debug|Any CPU.Build.0 = Debug|Any CPU
		{BC813C57-DEFE-4971-9E6B-AA7B9030853A}.Release|Any CPU.ActiveCfg = Release|Any CPU
		{BC813C57-DEFE-4971-9E6B-AA7B9030853A}.Release|Any CPU.Build.0 = Release|Any CPU
	EndGlobalSection
	GlobalSection(SolutionProperties) = preSolution
		HideSolutionNode = FALSE
	EndGlobalSection
	GlobalSection(ExtensibilityGlobals) = postSolution
		SolutionGuid = {CF2A22D3-D0C0-4EBA-8872-A972E87F306D}
	EndGlobalSection
EndGlobal
